
Microsoft Visual Studio Solution File, Format Version 12.00
# Visual Studio Version 17
VisualStudioVersion = 17.1.32421.90
MinimumVisualStudioVersion = 10.0.40219.1
Project("{FAE04EC0-301F-11D3-BF4B-00C04F79EFBC}") = "WinFormsApp2", "WinFormsApp2\WinFormsApp2.csproj", "{47E44F88-1AD3-4C73-8C95-A9927F9C7119}"
EndProject
Global
	GlobalSection(SolutionConfigurationPlatforms) = preSolution
		Debug|Any CPU = Debug|Any CPU
		Release|Any CPU = Release|Any CPU
	EndGlobalSection
	GlobalSection(ProjectConfigurationPlatforms) = postSolution
		{47E44F88-1AD3-4C73-8C95-A9927F9C7119}.Debug|Any CPU.ActiveCfg = Debug|Any CPU
		{47E44F88-1AD3-4C73-8C95-A9927F9C7119}.Debug|Any CPU.Build.0 = Debug|Any CPU
		{47E44F88-1AD3-4C73-8C95-A9927F9C7119}.Release|Any CPU.ActiveCfg = Release|Any CPU
		{47E44F88-1AD3-4C73-8C95-A9927F9C7119}.Release|Any CPU.Build.0 = Release|Any CPU
	EndGlobalSection
	GlobalSection(SolutionProperties) = preSolution
		HideSolutionNode = FALSE
	EndGlobalSection
	GlobalSection(ExtensibilityGlobals) = postSolution
		SolutionGuid = {C4204E90-A85D-496F-AF5A-0CB17E2EE496}
	EndGlobalSection
EndGlobal
